
Microsoft Visual Studio Solution File, Format Version 12.00
# Visual Studio Version 16
VisualStudioVersion = 16.0.31105.61
MinimumVisualStudioVersion = 10.0.40219.1
Project("{FAE04EC0-301F-11D3-BF4B-00C04F79EFBC}") = "Handson1", "Handson1\Handson1.csproj", "{33A64BD0-A7C4-4640-AB62-72049117A240}"
EndProject
Global
	GlobalSection(SolutionConfigurationPlatforms) = preSolution
		Debug|Any CPU = Debug|Any CPU
		Release|Any CPU = Release|Any CPU
	EndGlobalSection
	GlobalSection(ProjectConfigurationPlatforms) = postSolution
		{33A64BD0-A7C4-4640-AB62-72049117A240}.Debug|Any CPU.ActiveCfg = Debug|Any CPU
		{33A64BD0-A7C4-4640-AB62-72049117A240}.Debug|Any CPU.Build.0 = Debug|Any CPU
		{33A64BD0-A7C4-4640-AB62-72049117A240}.Release|Any CPU.ActiveCfg = Release|Any CPU
		{33A64BD0-A7C4-4640-AB62-72049117A240}.Release|Any CPU.Build.0 = Release|Any CPU
	EndGlobalSection
	GlobalSection(SolutionProperties) = preSolution
		HideSolutionNode = FALSE
	EndGlobalSection
	GlobalSection(ExtensibilityGlobals) = postSolution
		SolutionGuid = {C1582178-31A9-4D90-A204-8C12D2B2F732}
	EndGlobalSection
EndGlobal
