
Microsoft Visual Studio Solution File, Format Version 12.00
# Visual Studio Version 16
VisualStudioVersion = 16.0.31105.61
MinimumVisualStudioVersion = 10.0.40219.1
Project("{FAE04EC0-301F-11D3-BF4B-00C04F79EFBC}") = "PracticeCaseStudyDP", "PracticeCaseStudyDP\PracticeCaseStudyDP.csproj", "{6DB88EC6-93DF-4960-9A65-8E0DAF6204A6}"
EndProject
Global
	GlobalSection(SolutionConfigurationPlatforms) = preSolution
		Debug|Any CPU = Debug|Any CPU
		Release|Any CPU = Release|Any CPU
	EndGlobalSection
	GlobalSection(ProjectConfigurationPlatforms) = postSolution
		{6DB88EC6-93DF-4960-9A65-8E0DAF6204A6}.Debug|Any CPU.ActiveCfg = Debug|Any CPU
		{6DB88EC6-93DF-4960-9A65-8E0DAF6204A6}.Debug|Any CPU.Build.0 = Debug|Any CPU
		{6DB88EC6-93DF-4960-9A65-8E0DAF6204A6}.Release|Any CPU.ActiveCfg = Release|Any CPU
		{6DB88EC6-93DF-4960-9A65-8E0DAF6204A6}.Release|Any CPU.Build.0 = Release|Any CPU
	EndGlobalSection
	GlobalSection(SolutionProperties) = preSolution
		HideSolutionNode = FALSE
	EndGlobalSection
	GlobalSection(ExtensibilityGlobals) = postSolution
		SolutionGuid = {774EED97-7987-4184-8C6A-60E5097766EC}
	EndGlobalSection
EndGlobal
