
Microsoft Visual Studio Solution File, Format Version 12.00
# Visual Studio Version 16
VisualStudioVersion = 16.0.31112.23
MinimumVisualStudioVersion = 10.0.40219.1
Project("{FAE04EC0-301F-11D3-BF4B-00C04F79EFBC}") = "SwaggerDemo", "SwaggerDemo\SwaggerDemo.csproj", "{113036F1-CCDC-41F5-91B8-1F06267748B9}"
EndProject
Global
	GlobalSection(SolutionConfigurationPlatforms) = preSolution
		Debug|Any CPU = Debug|Any CPU
		Release|Any CPU = Release|Any CPU
	EndGlobalSection
	GlobalSection(ProjectConfigurationPlatforms) = postSolution
		{113036F1-CCDC-41F5-91B8-1F06267748B9}.Debug|Any CPU.ActiveCfg = Debug|Any CPU
		{113036F1-CCDC-41F5-91B8-1F06267748B9}.Debug|Any CPU.Build.0 = Debug|Any CPU
		{113036F1-CCDC-41F5-91B8-1F06267748B9}.Release|Any CPU.ActiveCfg = Release|Any CPU
		{113036F1-CCDC-41F5-91B8-1F06267748B9}.Release|Any CPU.Build.0 = Release|Any CPU
	EndGlobalSection
	GlobalSection(SolutionProperties) = preSolution
		HideSolutionNode = FALSE
	EndGlobalSection
	GlobalSection(ExtensibilityGlobals) = postSolution
		SolutionGuid = {76CA12E0-7501-4DC9-A353-2796BB29142B}
	EndGlobalSection
EndGlobal
