
Microsoft Visual Studio Solution File, Format Version 12.00
# Visual Studio Version 16
VisualStudioVersion = 16.0.31019.35
MinimumVisualStudioVersion = 10.0.40219.1
Project("{FAE04EC0-301F-11D3-BF4B-00C04F79EFBC}") = "MultiThreadingSample", "MultiThreadingSample\MultiThreadingSample.csproj", "{0B25F461-465F-405F-BCF6-0462F4CB2EFF}"
EndProject
Global
	GlobalSection(SolutionConfigurationPlatforms) = preSolution
		Debug|Any CPU = Debug|Any CPU
		Release|Any CPU = Release|Any CPU
	EndGlobalSection
	GlobalSection(ProjectConfigurationPlatforms) = postSolution
		{0B25F461-465F-405F-BCF6-0462F4CB2EFF}.Debug|Any CPU.ActiveCfg = Debug|Any CPU
		{0B25F461-465F-405F-BCF6-0462F4CB2EFF}.Debug|Any CPU.Build.0 = Debug|Any CPU
		{0B25F461-465F-405F-BCF6-0462F4CB2EFF}.Release|Any CPU.ActiveCfg = Release|Any CPU
		{0B25F461-465F-405F-BCF6-0462F4CB2EFF}.Release|Any CPU.Build.0 = Release|Any CPU
	EndGlobalSection
	GlobalSection(SolutionProperties) = preSolution
		HideSolutionNode = FALSE
	EndGlobalSection
	GlobalSection(ExtensibilityGlobals) = postSolution
		SolutionGuid = {B9CB36EB-DF0E-40FD-8908-05ED6DF75725}
	EndGlobalSection
EndGlobal
