
Microsoft Visual Studio Solution File, Format Version 12.00
# Visual Studio Version 16
VisualStudioVersion = 16.0.31019.35
MinimumVisualStudioVersion = 10.0.40219.1
Project("{FAE04EC0-301F-11D3-BF4B-00C04F79EFBC}") = "AsyncAwait2", "AsyncAwait2\AsyncAwait2.csproj", "{59476A57-4E04-486E-9B41-5298A49F3550}"
EndProject
Global
	GlobalSection(SolutionConfigurationPlatforms) = preSolution
		Debug|Any CPU = Debug|Any CPU
		Release|Any CPU = Release|Any CPU
	EndGlobalSection
	GlobalSection(ProjectConfigurationPlatforms) = postSolution
		{59476A57-4E04-486E-9B41-5298A49F3550}.Debug|Any CPU.ActiveCfg = Debug|Any CPU
		{59476A57-4E04-486E-9B41-5298A49F3550}.Debug|Any CPU.Build.0 = Debug|Any CPU
		{59476A57-4E04-486E-9B41-5298A49F3550}.Release|Any CPU.ActiveCfg = Release|Any CPU
		{59476A57-4E04-486E-9B41-5298A49F3550}.Release|Any CPU.Build.0 = Release|Any CPU
	EndGlobalSection
	GlobalSection(SolutionProperties) = preSolution
		HideSolutionNode = FALSE
	EndGlobalSection
	GlobalSection(ExtensibilityGlobals) = postSolution
		SolutionGuid = {8E874C7A-41C6-4B17-B092-4D488B45FA3F}
	EndGlobalSection
EndGlobal
